
Microsoft Visual Studio Solution File, Format Version 12.00
# Visual Studio Version 16
VisualStudioVersion = 16.0.29609.76
MinimumVisualStudioVersion = 10.0.40219.1
Project("{FAE04EC0-301F-11D3-BF4B-00C04F79EFBC}") = "View", "MyLab2\View.csproj", "{4C942B08-CF3D-48D8-B477-718BA8BE65B7}"
EndProject
Project("{FAE04EC0-301F-11D3-BF4B-00C04F79EFBC}") = "Model", "Model\Model.csproj", "{3BE78D96-5CEC-4F4F-BF5F-FAC12A086714}"
EndProject
Project("{FAE04EC0-301F-11D3-BF4B-00C04F79EFBC}") = "ViewModel", "ViewModel\ViewModel.csproj", "{691480E6-093A-4604-96BC-904A786EAE31}"
EndProject
Project("{FAE04EC0-301F-11D3-BF4B-00C04F79EFBC}") = "ModelTests", "ModelTests\ModelTests.csproj", "{E3481FB8-1A24-4FE6-B7CE-0C8D8C3DF36B}"
EndProject
Project("{FAE04EC0-301F-11D3-BF4B-00C04F79EFBC}") = "ViewModelTests", "ViewModelTests\ViewModelTests.csproj", "{539CC271-4E8A-4967-A7FD-6FFB31BC1A92}"
EndProject
Global
	GlobalSection(SolutionConfigurationPlatforms) = preSolution
		Debug|Any CPU = Debug|Any CPU
		Debug|x64 = Debug|x64
		Debug|x86 = Debug|x86
		Release|Any CPU = Release|Any CPU
		Release|x64 = Release|x64
		Release|x86 = Release|x86
	EndGlobalSection
	GlobalSection(ProjectConfigurationPlatforms) = postSolution
		{4C942B08-CF3D-48D8-B477-718BA8BE65B7}.Debug|Any CPU.ActiveCfg = Debug|Any CPU
		{4C942B08-CF3D-48D8-B477-718BA8BE65B7}.Debug|Any CPU.Build.0 = Debug|Any CPU
		{4C942B08-CF3D-48D8-B477-718BA8BE65B7}.Debug|x64.ActiveCfg = Debug|Any CPU
		{4C942B08-CF3D-48D8-B477-718BA8BE65B7}.Debug|x64.Build.0 = Debug|Any CPU
		{4C942B08-CF3D-48D8-B477-718BA8BE65B7}.Debug|x86.ActiveCfg = Debug|Any CPU
		{4C942B08-CF3D-48D8-B477-718BA8BE65B7}.Release|Any CPU.ActiveCfg = Release|Any CPU
		{4C942B08-CF3D-48D8-B477-718BA8BE65B7}.Release|Any CPU.Build.0 = Release|Any CPU
		{4C942B08-CF3D-48D8-B477-718BA8BE65B7}.Release|x64.ActiveCfg = Release|x64
		{4C942B08-CF3D-48D8-B477-718BA8BE65B7}.Release|x64.Build.0 = Release|x64
		{4C942B08-CF3D-48D8-B477-718BA8BE65B7}.Release|x86.ActiveCfg = Release|x86
		{4C942B08-CF3D-48D8-B477-718BA8BE65B7}.Release|x86.Build.0 = Release|x86
		{3BE78D96-5CEC-4F4F-BF5F-FAC12A086714}.Debug|Any CPU.ActiveCfg = Debug|Any CPU
		{3BE78D96-5CEC-4F4F-BF5F-FAC12A086714}.Debug|Any CPU.Build.0 = Debug|Any CPU
		{3BE78D96-5CEC-4F4F-BF5F-FAC12A086714}.Debug|x64.ActiveCfg = Debug|Any CPU
		{3BE78D96-5CEC-4F4F-BF5F-FAC12A086714}.Debug|x64.Build.0 = Debug|Any CPU
		{3BE78D96-5CEC-4F4F-BF5F-FAC12A086714}.Debug|x86.ActiveCfg = Debug|Any CPU
		{3BE78D96-5CEC-4F4F-BF5F-FAC12A086714}.Debug|x86.Build.0 = Debug|Any CPU
		{3BE78D96-5CEC-4F4F-BF5F-FAC12A086714}.Release|Any CPU.ActiveCfg = Release|Any CPU
		{3BE78D96-5CEC-4F4F-BF5F-FAC12A086714}.Release|Any CPU.Build.0 = Release|Any CPU
		{3BE78D96-5CEC-4F4F-BF5F-FAC12A086714}.Release|x64.ActiveCfg = Release|Any CPU
		{3BE78D96-5CEC-4F4F-BF5F-FAC12A086714}.Release|x64.Build.0 = Release|Any CPU
		{3BE78D96-5CEC-4F4F-BF5F-FAC12A086714}.Release|x86.ActiveCfg = Release|Any CPU
		{3BE78D96-5CEC-4F4F-BF5F-FAC12A086714}.Release|x86.Build.0 = Release|Any CPU
		{691480E6-093A-4604-96BC-904A786EAE31}.Debug|Any CPU.ActiveCfg = Debug|Any CPU
		{691480E6-093A-4604-96BC-904A786EAE31}.Debug|Any CPU.Build.0 = Debug|Any CPU
		{691480E6-093A-4604-96BC-904A786EAE31}.Debug|x64.ActiveCfg = Debug|Any CPU
		{691480E6-093A-4604-96BC-904A786EAE31}.Debug|x64.Build.0 = Debug|Any CPU
		{691480E6-093A-4604-96BC-904A786EAE31}.Debug|x86.ActiveCfg = Debug|Any CPU
		{691480E6-093A-4604-96BC-904A786EAE31}.Debug|x86.Build.0 = Debug|Any CPU
		{691480E6-093A-4604-96BC-904A786EAE31}.Release|Any CPU.ActiveCfg = Release|Any CPU
		{691480E6-093A-4604-96BC-904A786EAE31}.Release|Any CPU.Build.0 = Release|Any CPU
		{691480E6-093A-4604-96BC-904A786EAE31}.Release|x64.ActiveCfg = Release|Any CPU
		{691480E6-093A-4604-96BC-904A786EAE31}.Release|x64.Build.0 = Release|Any CPU
		{691480E6-093A-4604-96BC-904A786EAE31}.Release|x86.ActiveCfg = Release|Any CPU
		{691480E6-093A-4604-96BC-904A786EAE31}.Release|x86.Build.0 = Release|Any CPU
		{E3481FB8-1A24-4FE6-B7CE-0C8D8C3DF36B}.Debug|Any CPU.ActiveCfg = Debug|Any CPU
		{E3481FB8-1A24-4FE6-B7CE-0C8D8C3DF36B}.Debug|Any CPU.Build.0 = Debug|Any CPU
		{E3481FB8-1A24-4FE6-B7CE-0C8D8C3DF36B}.Debug|x64.ActiveCfg = Debug|Any CPU
		{E3481FB8-1A24-4FE6-B7CE-0C8D8C3DF36B}.Debug|x64.Build.0 = Debug|Any CPU
		{E3481FB8-1A24-4FE6-B7CE-0C8D8C3DF36B}.Debug|x86.ActiveCfg = Debug|Any CPU
		{E3481FB8-1A24-4FE6-B7CE-0C8D8C3DF36B}.Debug|x86.Build.0 = Debug|Any CPU
		{E3481FB8-1A24-4FE6-B7CE-0C8D8C3DF36B}.Release|Any CPU.ActiveCfg = Release|Any CPU
		{E3481FB8-1A24-4FE6-B7CE-0C8D8C3DF36B}.Release|Any CPU.Build.0 = Release|Any CPU
		{E3481FB8-1A24-4FE6-B7CE-0C8D8C3DF36B}.Release|x64.ActiveCfg = Release|Any CPU
		{E3481FB8-1A24-4FE6-B7CE-0C8D8C3DF36B}.Release|x64.Build.0 = Release|Any CPU
		{E3481FB8-1A24-4FE6-B7CE-0C8D8C3DF36B}.Release|x86.ActiveCfg = Release|Any CPU
		{E3481FB8-1A24-4FE6-B7CE-0C8D8C3DF36B}.Release|x86.Build.0 = Release|Any CPU
		{539CC271-4E8A-4967-A7FD-6FFB31BC1A92}.Debug|Any CPU.ActiveCfg = Debug|Any CPU
		{539CC271-4E8A-4967-A7FD-6FFB31BC1A92}.Debug|Any CPU.Build.0 = Debug|Any CPU
		{539CC271-4E8A-4967-A7FD-6FFB31BC1A92}.Debug|x64.ActiveCfg = Debug|Any CPU
		{539CC271-4E8A-4967-A7FD-6FFB31BC1A92}.Debug|x64.Build.0 = Debug|Any CPU
		{539CC271-4E8A-4967-A7FD-6FFB31BC1A92}.Debug|x86.ActiveCfg = Debug|Any CPU
		{539CC271-4E8A-4967-A7FD-6FFB31BC1A92}.Debug|x86.Build.0 = Debug|Any CPU
		{539CC271-4E8A-4967-A7FD-6FFB31BC1A92}.Release|Any CPU.ActiveCfg = Release|Any CPU
		{539CC271-4E8A-4967-A7FD-6FFB31BC1A92}.Release|Any CPU.Build.0 = Release|Any CPU
		{539CC271-4E8A-4967-A7FD-6FFB31BC1A92}.Release|x64.ActiveCfg = Release|Any CPU
		{539CC271-4E8A-4967-A7FD-6FFB31BC1A92}.Release|x64.Build.0 = Release|Any CPU
		{539CC271-4E8A-4967-A7FD-6FFB31BC1A92}.Release|x86.ActiveCfg = Release|Any CPU
		{539CC271-4E8A-4967-A7FD-6FFB31BC1A92}.Release|x86.Build.0 = Release|Any CPU
	EndGlobalSection
	GlobalSection(SolutionProperties) = preSolution
		HideSolutionNode = FALSE
	EndGlobalSection
	GlobalSection(ExtensibilityGlobals) = postSolution
		SolutionGuid = {BE97747E-676B-4B2C-AB07-667A90E7EF69}
	EndGlobalSection
EndGlobal
